
Microsoft Visual Studio Solution File, Format Version 12.00
# Visual Studio 2013
VisualStudioVersion = 12.0.31101.0
MinimumVisualStudioVersion = 10.0.40219.1
Project("{FAE04EC0-301F-11D3-BF4B-00C04F79EFBC}") = "NBitcoin.Indexer", "NBitcoin.Indexer\NBitcoin.Indexer.csproj", "{210DE089-5D25-4967-A7A4-95B98A823DA2}"
EndProject
Project("{FAE04EC0-301F-11D3-BF4B-00C04F79EFBC}") = "NBitcoin.Indexer.Tests", "NBitcoin.Indexer.Tests\NBitcoin.Indexer.Tests.csproj", "{49FC1C12-A820-440C-9859-7D392A5ABB3C}"
EndProject
Project("{2150E333-8FDC-42A3-9474-1A3956D46DE8}") = ".nuget", ".nuget", "{292BAB67-D8C3-454A-AC94-940AEC560EAA}"
	ProjectSection(SolutionItems) = preProject
		.nuget\NuGet.Config = .nuget\NuGet.Config
		.nuget\NuGet.exe = .nuget\NuGet.exe
		.nuget\NuGet.targets = .nuget\NuGet.targets
	EndProjectSection
EndProject
Project("{FAE04EC0-301F-11D3-BF4B-00C04F79EFBC}") = "NBitcoin.Indexer.Console", "NBitcoin.Indexer.Console\NBitcoin.Indexer.Console.csproj", "{08163004-F602-4721-A08D-83591234B560}"
EndProject
Project("{FAE04EC0-301F-11D3-BF4B-00C04F79EFBC}") = "Build", "Build\Build.csproj", "{32493E97-CF3A-42E5-8EA1-56964E6469C8}"
EndProject
Project("{2150E333-8FDC-42A3-9474-1A3956D46DE8}") = "Solution Items", "Solution Items", "{805F68D0-C345-4518-B919-D24F8F13272E}"
EndProject
Global
	GlobalSection(SolutionConfigurationPlatforms) = preSolution
		Debug|Any CPU = Debug|Any CPU
		Release|Any CPU = Release|Any CPU
	EndGlobalSection
	GlobalSection(ProjectConfigurationPlatforms) = postSolution
		{210DE089-5D25-4967-A7A4-95B98A823DA2}.Debug|Any CPU.ActiveCfg = Debug|Any CPU
		{210DE089-5D25-4967-A7A4-95B98A823DA2}.Debug|Any CPU.Build.0 = Debug|Any CPU
		{210DE089-5D25-4967-A7A4-95B98A823DA2}.Release|Any CPU.ActiveCfg = Release|Any CPU
		{210DE089-5D25-4967-A7A4-95B98A823DA2}.Release|Any CPU.Build.0 = Release|Any CPU
		{49FC1C12-A820-440C-9859-7D392A5ABB3C}.Debug|Any CPU.ActiveCfg = Debug|Any CPU
		{49FC1C12-A820-440C-9859-7D392A5ABB3C}.Debug|Any CPU.Build.0 = Debug|Any CPU
		{49FC1C12-A820-440C-9859-7D392A5ABB3C}.Release|Any CPU.ActiveCfg = Release|Any CPU
		{49FC1C12-A820-440C-9859-7D392A5ABB3C}.Release|Any CPU.Build.0 = Release|Any CPU
		{08163004-F602-4721-A08D-83591234B560}.Debug|Any CPU.ActiveCfg = Debug|Any CPU
		{08163004-F602-4721-A08D-83591234B560}.Debug|Any CPU.Build.0 = Debug|Any CPU
		{08163004-F602-4721-A08D-83591234B560}.Release|Any CPU.ActiveCfg = Release|Any CPU
		{08163004-F602-4721-A08D-83591234B560}.Release|Any CPU.Build.0 = Release|Any CPU
		{32493E97-CF3A-42E5-8EA1-56964E6469C8}.Debug|Any CPU.ActiveCfg = Debug|Any CPU
		{32493E97-CF3A-42E5-8EA1-56964E6469C8}.Debug|Any CPU.Build.0 = Debug|Any CPU
		{32493E97-CF3A-42E5-8EA1-56964E6469C8}.Release|Any CPU.ActiveCfg = Release|Any CPU
		{32493E97-CF3A-42E5-8EA1-56964E6469C8}.Release|Any CPU.Build.0 = Release|Any CPU
	EndGlobalSection
	GlobalSection(SolutionProperties) = preSolution
		HideSolutionNode = FALSE
	EndGlobalSection
EndGlobal
