Microsoft Visual Studio Solution File, Format Version 12.00
# Visual Studio 15
VisualStudioVersion = 15.0.26730.16
MinimumVisualStudioVersion = 15.0.26124.0
Project("{9A19103F-16F7-4668-BE54-9A1E7A4F7556}") = "NBitcoin.Indexer", "NBitcoin.Indexer\NBitcoin.Indexer.csproj", "{95FE2C8D-D4D4-49FE-AE02-8A80275BC5CE}"
EndProject
Project("{9A19103F-16F7-4668-BE54-9A1E7A4F7556}") = "NBitcoin.Indexer.Tests", "NBitcoin.Indexer.Tests\NBitcoin.Indexer.Tests.csproj", "{8F6FF90A-DFA6-47F8-98A8-2F0D05675C7B}"
EndProject
Global
	GlobalSection(SolutionConfigurationPlatforms) = preSolution
		Debug|Any CPU = Debug|Any CPU
		Debug|x64 = Debug|x64
		Debug|x86 = Debug|x86
		Release|Any CPU = Release|Any CPU
		Release|x64 = Release|x64
		Release|x86 = Release|x86
	EndGlobalSection
	GlobalSection(ProjectConfigurationPlatforms) = postSolution
		{95FE2C8D-D4D4-49FE-AE02-8A80275BC5CE}.Debug|Any CPU.ActiveCfg = Debug|Any CPU
		{95FE2C8D-D4D4-49FE-AE02-8A80275BC5CE}.Debug|Any CPU.Build.0 = Debug|Any CPU
		{95FE2C8D-D4D4-49FE-AE02-8A80275BC5CE}.Debug|x64.ActiveCfg = Debug|Any CPU
		{95FE2C8D-D4D4-49FE-AE02-8A80275BC5CE}.Debug|x64.Build.0 = Debug|Any CPU
		{95FE2C8D-D4D4-49FE-AE02-8A80275BC5CE}.Debug|x86.ActiveCfg = Debug|Any CPU
		{95FE2C8D-D4D4-49FE-AE02-8A80275BC5CE}.Debug|x86.Build.0 = Debug|Any CPU
		{95FE2C8D-D4D4-49FE-AE02-8A80275BC5CE}.Release|Any CPU.ActiveCfg = Release|Any CPU
		{95FE2C8D-D4D4-49FE-AE02-8A80275BC5CE}.Release|Any CPU.Build.0 = Release|Any CPU
		{95FE2C8D-D4D4-49FE-AE02-8A80275BC5CE}.Release|x64.ActiveCfg = Release|Any CPU
		{95FE2C8D-D4D4-49FE-AE02-8A80275BC5CE}.Release|x64.Build.0 = Release|Any CPU
		{95FE2C8D-D4D4-49FE-AE02-8A80275BC5CE}.Release|x86.ActiveCfg = Release|Any CPU
		{95FE2C8D-D4D4-49FE-AE02-8A80275BC5CE}.Release|x86.Build.0 = Release|Any CPU
		{8F6FF90A-DFA6-47F8-98A8-2F0D05675C7B}.Debug|Any CPU.ActiveCfg = Debug|Any CPU
		{8F6FF90A-DFA6-47F8-98A8-2F0D05675C7B}.Debug|Any CPU.Build.0 = Debug|Any CPU
		{8F6FF90A-DFA6-47F8-98A8-2F0D05675C7B}.Debug|x64.ActiveCfg = Debug|Any CPU
		{8F6FF90A-DFA6-47F8-98A8-2F0D05675C7B}.Debug|x64.Build.0 = Debug|Any CPU
		{8F6FF90A-DFA6-47F8-98A8-2F0D05675C7B}.Debug|x86.ActiveCfg = Debug|Any CPU
		{8F6FF90A-DFA6-47F8-98A8-2F0D05675C7B}.Debug|x86.Build.0 = Debug|Any CPU
		{8F6FF90A-DFA6-47F8-98A8-2F0D05675C7B}.Release|Any CPU.ActiveCfg = Release|Any CPU
		{8F6FF90A-DFA6-47F8-98A8-2F0D05675C7B}.Release|Any CPU.Build.0 = Release|Any CPU
		{8F6FF90A-DFA6-47F8-98A8-2F0D05675C7B}.Release|x64.ActiveCfg = Release|Any CPU
		{8F6FF90A-DFA6-47F8-98A8-2F0D05675C7B}.Release|x64.Build.0 = Release|Any CPU
		{8F6FF90A-DFA6-47F8-98A8-2F0D05675C7B}.Release|x86.ActiveCfg = Release|Any CPU
		{8F6FF90A-DFA6-47F8-98A8-2F0D05675C7B}.Release|x86.Build.0 = Release|Any CPU
	EndGlobalSection
	GlobalSection(SolutionProperties) = preSolution
		HideSolutionNode = FALSE
	EndGlobalSection
	GlobalSection(ExtensibilityGlobals) = postSolution
		SolutionGuid = {B2BFD138-8A8A-4C0A-B8B0-D76BD60552F9}
	EndGlobalSection
EndGlobal
